github.com/cilium/ebpf v0.14.0 h1:0PsxAjO6EjI1rcT+rkp6WcCnE0ZvfkXBYiMedJtrSUs=
github.com/cilium/ebpf v0.14.0/go.mod h1:DHp1WyrLeiBh19Cf/tfiSMhqheEiK8fXFZ4No0P1Hso=
golang.org/x/exp v0.0.0-20240325151524-a685a6edb6d8 h1:aAcj0Da7eBAtrTp03QXWvm88pSyOt+UgdZw2BFZ+lEw=
golang.org/x/exp v0.0.0-20240325151524-a685a6edb6d8/go.mod h1:CQ1k9gNrJ50XIzaKCRR2hssIjF07kZFEiieALBM/ARQ=
golang.org/x/sys v0.18.0 h1:DBdB3niSjOA/O0blCZBqDefyWNYveAYMNF1Wum0DYQ4=
golang.org/x/sys v0.18.0/go.mod h1:/VUhepiaJMQUp4+oa/7Zr1D23ma6VTLIYjOOTFZPUcA=
